<?xml version="1.0" encoding="utf-8"?>
<Project ToolsVersion="4.0" xmlns="http://schemas.microsoft.com/developer/msbuild/2003">
  <ItemGroup>
    <Filter Include="Source Files">
      <UniqueIdentifier>{4FC737F1-C7A5-4376-A066-2A32D752A2FF}</UniqueIdentifier>
      <Extensions>cpp;c;cc;cxx;def;odl;idl;hpj;bat;asm;asmx</Extensions>
    </Filter>
    <Filter Include="Header Files">
      <UniqueIdentifier>{93995380-89BD-4b04-88EB-625FBE52EBFB}</UniqueIdentifier>
      <Extensions>h;hh;hpp;hxx;hm;inl;inc;xsd</Extensions>
    </Filter>
    <Filter Include="Resource Files">
      <UniqueIdentifier>{67DA6AB6-F800-4c08-8B7A-83BB121AAD01}</UniqueIdentifier>
      <Extensions>rc;ico;cur;bmp;dlg;rc2;rct;bin;rgs;gif;jpg;jpeg;jpe;resx;tiff;tif;png;wav;mfcribbon-ms</Extensions>
    </Filter>
  </ItemGroup>
  <ItemGroup>
    <ClCompile Include="Main.cpp">
      <Filter>Source Files</Filter>
    </ClCompile>
    <ClCompile Include="Data.cpp">
      <Filter>Source Files</Filter>
    </ClCompile>
    <ClCompile Include="rubik.cpp">
      <Filter>Source Files</Filter>
    </ClCompile>
    <ClCompile Include="Skybox.cpp">
      <Filter>Source Files</Filter>
    </ClCompile>
    <ClCompile Include="PointLight.cpp">
      <Filter>Source Files</Filter>
    </ClCompile>
    <ClCompile Include="ReflectorObject.cpp">
      <Filter>Source Files</Filter>
    </ClCompile>
    <ClCompile Include="Spline.cpp">
      <Filter>Source Files</Filter>
    </ClCompile>
    <ClCompile Include="Star.cpp">
      <Filter>Source Files</Filter>
    </ClCompile>
    <ClCompile Include="Picture.cpp">
      <Filter>Source Files</Filter>
    </ClCompile>
    <ClCompile Include="Banner.cpp">
      <Filter>Source Files</Filter>
    </ClCompile>
    <ClCompile Include="GameState.cpp">
      <Filter>Source Files</Filter>
    </ClCompile>
    <ClCompile Include="Mesh.cpp">
      <Filter>Source Files</Filter>
    </ClCompile>
    <ClCompile Include="Model.cpp">
      <Filter>Source Files</Filter>
    </ClCompile>
  </ItemGroup>
  <ItemGroup>
    <None Include="vs.glsl">
      <Filter>Source Files</Filter>
    </None>
    <None Include="fs.glsl">
      <Filter>Source Files</Filter>
    </None>
    <None Include="vertexShader.vert">
      <Filter>Source Files</Filter>
    </None>
    <None Include="fragmentShader.frag">
      <Filter>Source Files</Filter>
    </None>
    <None Include="skyboxVS.vert">
      <Filter>Source Files</Filter>
    </None>
    <None Include="skyboxFS.frag">
      <Filter>Source Files</Filter>
    </None>
    <None Include="pictureVS.vert">
      <Filter>Source Files</Filter>
    </None>
    <None Include="pictureFS.frag">
      <Filter>Source Files</Filter>
    </None>
    <None Include="bannerVS.vert">
      <Filter>Source Files</Filter>
    </None>
    <None Include="bannerFS.frag">
      <Filter>Source Files</Filter>
    </None>
  </ItemGroup>
  <ItemGroup>
    <ClInclude Include="Data.h">
      <Filter>Header Files</Filter>
    </ClInclude>
    <ClInclude Include="SkyBox.h">
      <Filter>Header Files</Filter>
    </ClInclude>
    <ClInclude Include="PointLight.h">
      <Filter>Header Files</Filter>
    </ClInclude>
    <ClInclude Include="Spline.h">
      <Filter>Header Files</Filter>
    </ClInclude>
    <ClInclude Include="hardcodedObject.h">
      <Filter>Header Files</Filter>
    </ClInclude>
    <ClInclude Include="Star.h">
      <Filter>Header Files</Filter>
    </ClInclude>
    <ClInclude Include="Picture.h">
      <Filter>Header Files</Filter>
    </ClInclude>
    <ClInclude Include="Banner.h">
      <Filter>Header Files</Filter>
    </ClInclude>
    <ClInclude Include="GameState.h">
      <Filter>Header Files</Filter>
    </ClInclude>
    <ClInclude Include="Mesh.h">
      <Filter>Header Files</Filter>
    </ClInclude>
    <ClInclude Include="Model.h">
      <Filter>Header Files</Filter>
    </ClInclude>
    <ClInclude Include="Reflector.h">
      <Filter>Header Files</Filter>
    </ClInclude>
  </ItemGroup>
</Project>